lockfile_version: '1'
generated_at: '2026-05-07T22:51:19.098133+00:00'
apm_version: 0.12.4
dependencies:
- repo_url: emilkowalski/skill
  host: github.com
  resolved_commit: ecf66bbd1fb33c25332b6b0e454d08049978284c
  package_type: skill_bundle
  deployed_files:
  - .agents/skills/emil-design-eng
  content_hash: sha256:868048cfbded5b6e87cc8ae601faac0ee0afc60bb9aeaa6989d55c7bfa704e28
- repo_url: vercel-labs/next-skills
  host: github.com
  resolved_commit: dc1de9caf7612d73f56a8dec3cb1bd6c9ec096b9
  package_type: skill_bundle
  deployed_files:
  - .agents/skills/next-best-practices
  - .agents/skills/next-cache-components
  - .agents/skills/next-upgrade
  content_hash: sha256:524391eec997ae98ab7483e115e53521d0692b5eb4f176b69cbd325f9df816a8
mcp_servers:
- chrome-devtools-mcp
- next-devtools-mcp
mcp_configs:
  chrome-devtools-mcp:
    name: chrome-devtools-mcp
    transport: stdio
    args:
    - -lic
    - -c
    - exec bunx -y chrome-devtools-mcp
    registry: false
    command: /bin/zsh
  next-devtools-mcp:
    name: next-devtools-mcp
    transport: stdio
    args:
    - -lic
    - -c
    - exec bunx -y next-devtools-mcp
    registry: false
    command: /bin/zsh
local_deployed_files:
- .agents/skills/auth-email
- .agents/skills/backend-api
- .agents/skills/ci-quality
- .agents/skills/database
- .agents/skills/developer-environment
- .agents/skills/e2e-test
- .agents/skills/email
- .agents/skills/error-handling
- .agents/skills/frontend
- .agents/skills/package-management
- .agents/skills/shadcn
- .agents/skills/turborepo
