lockfile_version: '1'
generated_at: '2026-05-04T18:54:33.712072+00:00'
dependencies: []
mcp_servers:
- chrome-devtools-mcp
- next-devtools-mcp
mcp_configs:
  chrome-devtools-mcp:
    name: chrome-devtools-mcp
    transport: stdio
    args:
    - -lic
    - -c
    - exec bunx -y chrome-devtools-mcp
    registry: false
    command: /bin/zsh
  next-devtools-mcp:
    name: next-devtools-mcp
    transport: stdio
    args:
    - -lic
    - -c
    - exec bunx -y next-devtools-mcp
    registry: false
    command: /bin/zsh
local_deployed_files:
- .agents/skills/auth-email
- .agents/skills/backend-api
- .agents/skills/ci-quality
- .agents/skills/database
- .agents/skills/developer-environment
- .agents/skills/e2e-test
- .agents/skills/email
- .agents/skills/error-handling
- .agents/skills/frontend
- .agents/skills/package-management
- .agents/skills/shadcn
- .agents/skills/turborepo
