lockfile_version: '1'
generated_at: '2026-05-04T18:54:33.712072+00:00'
dependencies: []
local_deployed_files:
- .agents/skills/auth-email
- .agents/skills/backend-api
- .agents/skills/ci-quality
- .agents/skills/database
- .agents/skills/developer-environment
- .agents/skills/e2e-test
- .agents/skills/email
- .agents/skills/error-handling
- .agents/skills/frontend
- .agents/skills/package-management
- .agents/skills/shadcn
- .cursor/skills/auth-email
- .cursor/skills/backend-api
- .cursor/skills/ci-quality
- .cursor/skills/database
- .cursor/skills/developer-environment
- .cursor/skills/e2e-test
- .cursor/skills/email
- .cursor/skills/error-handling
- .cursor/skills/frontend
- .cursor/skills/package-management
- .cursor/skills/shadcn
